
Microsoft Visual Studio Solution File, Format Version 12.00
# Visual Studio Version 17
VisualStudioVersion = 17.7.34031.279
MinimumVisualStudioVersion = 10.0.40219.1
Project("{9A19103F-16F7-4668-BE54-9A1E7A4F7556}") = "WeatherAPI", "WeatherAPI.csproj", "{EB233ED1-11A9-437F-BE3C-CC7FD1CCB64E}"
EndProject
Global
	GlobalSection(SolutionConfigurationPlatforms) = preSolution
		Debug|Any CPU = Debug|Any CPU
		Release|Any CPU = Release|Any CPU
	EndGlobalSection
	GlobalSection(ProjectConfigurationPlatforms) = postSolution
		{EB233ED1-11A9-437F-BE3C-CC7FD1CCB64E}.Debug|Any CPU.ActiveCfg = Debug|Any CPU
		{EB233ED1-11A9-437F-BE3C-CC7FD1CCB64E}.Debug|Any CPU.Build.0 = Debug|Any CPU
		{EB233ED1-11A9-437F-BE3C-CC7FD1CCB64E}.Release|Any CPU.ActiveCfg = Release|Any CPU
		{EB233ED1-11A9-437F-BE3C-CC7FD1CCB64E}.Release|Any CPU.Build.0 = Release|Any CPU
	EndGlobalSection
	GlobalSection(SolutionProperties) = preSolution
		HideSolutionNode = FALSE
	EndGlobalSection
	GlobalSection(ExtensibilityGlobals) = postSolution
		SolutionGuid = {269C7965-0637-44C7-A13B-EFCA5629B9A3}
	EndGlobalSection
EndGlobal
